// !$*UTF8*$!
{
	archiveVersion = 1;
	classes = {
	};
	objectVersion = 56;
	objects = {

/* Begin PBXBuildFile section */
		4B0326D32B12419500039C3D /* ReachabilityManager.swift in Sources */ = {isa = PBXBuildFile; fileRef = 4B0326D22B12419500039C3D /* ReachabilityManager.swift */; };
		4B26211F2B10E2D100321E99 /* BoredApp.swift in Sources */ = {isa = PBXBuildFile; fileRef = 4B26211E2B10E2D100321E99 /* BoredApp.swift */; };
		4B2621212B10E2D100321E99 /* ContentView.swift in Sources */ = {isa = PBXBuildFile; fileRef = 4B2621202B10E2D100321E99 /* ContentView.swift */; };
		4B2621232B10E2D200321E99 /* Assets.xcassets in Resources */ = {isa = PBXBuildFile; fileRef = 4B2621222B10E2D200321E99 /* Assets.xcassets */; };
		4B2621262B10E2D200321E99 /* Preview Assets.xcassets in Resources */ = {isa = PBXBuildFile; fileRef = 4B2621252B10E2D200321E99 /* Preview Assets.xcassets */; };
		4B26212F2B10E3C600321E99 /* Activity.swift in Sources */ = {isa = PBXBuildFile; fileRef = 4B26212E2B10E3C600321E99 /* Activity.swift */; };
		4B2621322B10E47000321E99 /* APIManager.swift in Sources */ = {isa = PBXBuildFile; fileRef = 4B2621312B10E47000321E99 /* APIManager.swift */; };
		4B2621342B10E4CD00321E99 /* Error.swift in Sources */ = {isa = PBXBuildFile; fileRef = 4B2621332B10E4CD00321E99 /* Error.swift */; };
		4B2621372B10FD3D00321E99 /* SafariView.swift in Sources */ = {isa = PBXBuildFile; fileRef = 4B2621362B10FD3D00321E99 /* SafariView.swift */; };
		4B2621392B11008700321E99 /* FiltersSheet.swift in Sources */ = {isa = PBXBuildFile; fileRef = 4B2621382B11008700321E99 /* FiltersSheet.swift */; };
		4B26213B2B116A6600321E99 /* AboutView.swift in Sources */ = {isa = PBXBuildFile; fileRef = 4B26213A2B116A6600321E99 /* AboutView.swift */; };
		4B26213D2B11705700321E99 /* SplashScreenView.swift in Sources */ = {isa = PBXBuildFile; fileRef = 4B26213C2B11705700321E99 /* SplashScreenView.swift */; };
/* End PBXBuildFile section */

/* Begin PBXFileReference section */
		4B0326D22B12419500039C3D /* ReachabilityManager.swift */ = {isa = PBXFileReference; lastKnownFileType = sourcecode.swift; path = ReachabilityManager.swift; sourceTree = "<group>"; };
		4B26211B2B10E2D100321E99 /* Bored.app */ = {isa = PBXFileReference; explicitFileType = wrapper.application; includeInIndex = 0; path = Bored.app; sourceTree = BUILT_PRODUCTS_DIR; };
		4B26211E2B10E2D100321E99 /* BoredApp.swift */ = {isa = PBXFileReference; lastKnownFileType = sourcecode.swift; path = BoredApp.swift; sourceTree = "<group>"; };
		4B2621202B10E2D100321E99 /* ContentView.swift */ = {isa = PBXFileReference; lastKnownFileType = sourcecode.swift; path = ContentView.swift; sourceTree = "<group>"; };
		4B2621222B10E2D200321E99 /* Assets.xcassets */ = {isa = PBXFileReference; lastKnownFileType = folder.assetcatalog; path = Assets.xcassets; sourceTree = "<group>"; };
		4B2621252B10E2D200321E99 /* Preview Assets.xcassets */ = {isa = PBXFileReference; lastKnownFileType = folder.assetcatalog; path = "Preview Assets.xcassets"; sourceTree = "<group>"; };
		4B26212E2B10E3C600321E99 /* Activity.swift */ = {isa = PBXFileReference; lastKnownFileType = sourcecode.swift; path = Activity.swift; sourceTree = "<group>"; };
		4B2621312B10E47000321E99 /* APIManager.swift */ = {isa = PBXFileReference; lastKnownFileType = sourcecode.swift; path = APIManager.swift; sourceTree = "<group>"; };
		4B2621332B10E4CD00321E99 /* Error.swift */ = {isa = PBXFileReference; lastKnownFileType = sourcecode.swift; path = Error.swift; sourceTree = "<group>"; };
		4B2621362B10FD3D00321E99 /* SafariView.swift */ = {isa = PBXFileReference; lastKnownFileType = sourcecode.swift; path = SafariView.swift; sourceTree = "<group>"; };
		4B2621382B11008700321E99 /* FiltersSheet.swift */ = {isa = PBXFileReference; lastKnownFileType = sourcecode.swift; path = FiltersSheet.swift; sourceTree = "<group>"; };
		4B26213A2B116A6600321E99 /* AboutView.swift */ = {isa = PBXFileReference; lastKnownFileType = sourcecode.swift; path = AboutView.swift; sourceTree = "<group>"; };
		4B26213C2B11705700321E99 /* SplashScreenView.swift */ = {isa = PBXFileReference; lastKnownFileType = sourcecode.swift; path = SplashScreenView.swift; sourceTree = "<group>"; };
/* End PBXFileReference section */

/* Begin PBXFrameworksBuildPhase section */
		4B2621182B10E2D100321E99 /* Frameworks */ = {
			isa = PBXFrameworksBuildPhase;
			buildActionMask = 2147483647;
			files = (
			);
			runOnlyForDeploymentPostprocessing = 0;
		};
/* End PBXFrameworksBuildPhase section */

/* Begin PBXGroup section */
		4B2621122B10E2D100321E99 = {
			isa = PBXGroup;
			children = (
				4B26211D2B10E2D100321E99 /* Bored */,
				4B26211C2B10E2D100321E99 /* Products */,
			);
			sourceTree = "<group>";
		};
		4B26211C2B10E2D100321E99 /* Products */ = {
			isa = PBXGroup;
			children = (
				4B26211B2B10E2D100321E99 /* Bored.app */,
			);
			name = Products;
			sourceTree = "<group>";
		};
		4B26211D2B10E2D100321E99 /* Bored */ = {
			isa = PBXGroup;
			children = (
				4B2621302B10E45F00321E99 /* Service */,
				4B26212C2B10E3A600321E99 /* Models */,
				4B26212D2B10E3AA00321E99 /* Views */,
				4B26211E2B10E2D100321E99 /* BoredApp.swift */,
				4B2621222B10E2D200321E99 /* Assets.xcassets */,
				4B2621242B10E2D200321E99 /* Preview Content */,
			);
			path = Bored;
			sourceTree = "<group>";
		};
		4B2621242B10E2D200321E99 /* Preview Content */ = {
			isa = PBXGroup;
			children = (
				4B2621252B10E2D200321E99 /* Preview Assets.xcassets */,
			);
			path = "Preview Content";
			sourceTree = "<group>";
		};
		4B26212C2B10E3A600321E99 /* Models */ = {
			isa = PBXGroup;
			children = (
				4B26212E2B10E3C600321E99 /* Activity.swift */,
			);
			path = Models;
			sourceTree = "<group>";
		};
		4B26212D2B10E3AA00321E99 /* Views */ = {
			isa = PBXGroup;
			children = (
				4B2621352B10FD2B00321E99 /* WebSheet */,
				4B2621202B10E2D100321E99 /* ContentView.swift */,
				4B2621382B11008700321E99 /* FiltersSheet.swift */,
				4B26213A2B116A6600321E99 /* AboutView.swift */,
				4B26213C2B11705700321E99 /* SplashScreenView.swift */,
			);
			path = Views;
			sourceTree = "<group>";
		};
		4B2621302B10E45F00321E99 /* Service */ = {
			isa = PBXGroup;
			children = (
				4B2621312B10E47000321E99 /* APIManager.swift */,
				4B2621332B10E4CD00321E99 /* Error.swift */,
				4B0326D22B12419500039C3D /* ReachabilityManager.swift */,
			);
			path = Service;
			sourceTree = "<group>";
		};
		4B2621352B10FD2B00321E99 /* WebSheet */ = {
			isa = PBXGroup;
			children = (
				4B2621362B10FD3D00321E99 /* SafariView.swift */,
			);
			path = WebSheet;
			sourceTree = "<group>";
		};
/* End PBXGroup section */

/* Begin PBXNativeTarget section */
		4B26211A2B10E2D100321E99 /* Bored */ = {
			isa = PBXNativeTarget;
			buildConfigurationList = 4B2621292B10E2D200321E99 /* Build configuration list for PBXNativeTarget "Bored" */;
			buildPhases = (
				4B2621172B10E2D100321E99 /* Sources */,
				4B2621182B10E2D100321E99 /* Frameworks */,
				4B2621192B10E2D100321E99 /* Resources */,
			);
			buildRules = (
			);
			dependencies = (
			);
			name = Bored;
			productName = Bored;
			productReference = 4B26211B2B10E2D100321E99 /* Bored.app */;
			productType = "com.apple.product-type.application";
		};
/* End PBXNativeTarget section */

/* Begin PBXProject section */
		4B2621132B10E2D100321E99 /* Project object */ = {
			isa = PBXProject;
			attributes = {
				BuildIndependentTargetsInParallel = 1;
				LastSwiftUpdateCheck = 1500;
				LastUpgradeCheck = 1500;
				TargetAttributes = {
					4B26211A2B10E2D100321E99 = {
						CreatedOnToolsVersion = 15.0.1;
					};
				};
			};
			buildConfigurationList = 4B2621162B10E2D100321E99 /* Build configuration list for PBXProject "Bored" */;
			compatibilityVersion = "Xcode 14.0";
			developmentRegion = en;
			hasScannedForEncodings = 0;
			knownRegions = (
				en,
				Base,
			);
			mainGroup = 4B2621122B10E2D100321E99;
			productRefGroup = 4B26211C2B10E2D100321E99 /* Products */;
			projectDirPath = "";
			projectRoot = "";
			targets = (
				4B26211A2B10E2D100321E99 /* Bored */,
			);
		};
/* End PBXProject section */

/* Begin PBXResourcesBuildPhase section */
		4B2621192B10E2D100321E99 /* Resources */ = {
			isa = PBXResourcesBuildPhase;
			buildActionMask = 2147483647;
			files = (
				4B2621262B10E2D200321E99 /* Preview Assets.xcassets in Resources */,
				4B2621232B10E2D200321E99 /* Assets.xcassets in Resources */,
			);
			runOnlyForDeploymentPostprocessing = 0;
		};
/* End PBXResourcesBuildPhase section */

/* Begin PBXSourcesBuildPhase section */
		4B2621172B10E2D100321E99 /* Sources */ = {
			isa = PBXSourcesBuildPhase;
			buildActionMask = 2147483647;
			files = (
				4B26213D2B11705700321E99 /* SplashScreenView.swift in Sources */,
				4B2621342B10E4CD00321E99 /* Error.swift in Sources */,
				4B26213B2B116A6600321E99 /* AboutView.swift in Sources */,
				4B2621322B10E47000321E99 /* APIManager.swift in Sources */,
				4B0326D32B12419500039C3D /* ReachabilityManager.swift in Sources */,
				4B26212F2B10E3C600321E99 /* Activity.swift in Sources */,
				4B2621212B10E2D100321E99 /* ContentView.swift in Sources */,
				4B2621372B10FD3D00321E99 /* SafariView.swift in Sources */,
				4B26211F2B10E2D100321E99 /* BoredApp.swift in Sources */,
				4B2621392B11008700321E99 /* FiltersSheet.swift in Sources */,
			);
			runOnlyForDeploymentPostprocessing = 0;
		};
/* End PBXSourcesBuildPhase section */

/* Begin XCBuildConfiguration section */
		4B2621272B10E2D200321E99 /* Debug */ = {
			isa = XCBuildConfiguration;
			buildSettings = {
				ALWAYS_SEARCH_USER_PATHS = NO;
				ASSETCATALOG_COMPILER_GENERATE_SWIFT_ASSET_SYMBOL_EXTENSIONS = YES;
				CLANG_ANALYZER_NONNULL = YES;
				CLANG_ANALYZER_NUMBER_OBJECT_CONVERSION = YES_AGGRESSIVE;
				CLANG_CXX_LANGUAGE_STANDARD = "gnu++20";
				CLANG_ENABLE_MODULES = YES;
				CLANG_ENABLE_OBJC_ARC = YES;
				CLANG_ENABLE_OBJC_WEAK = YES;
				CLANG_WARN_BLOCK_CAPTURE_AUTORELEASING = YES;
				CLANG_WARN_BOOL_CONVERSION = YES;
				CLANG_WARN_COMMA = YES;
				CLANG_WARN_CONSTANT_CONVERSION = YES;
				CLANG_WARN_DEPRECATED_OBJC_IMPLEMENTATIONS = YES;
				CLANG_WARN_DIRECT_OBJC_ISA_USAGE = YES_ERROR;
				CLANG_WARN_DOCUMENTATION_COMMENTS = YES;
				CLANG_WARN_EMPTY_BODY = YES;
				CLANG_WARN_ENUM_CONVERSION = YES;
				CLANG_WARN_INFINITE_RECURSION = YES;
				CLANG_WARN_INT_CONVERSION = YES;
				CLANG_WARN_NON_LITERAL_NULL_CONVERSION = YES;
				CLANG_WARN_OBJC_IMPLICIT_RETAIN_SELF = YES;
				CLANG_WARN_OBJC_LITERAL_CONVERSION = YES;
				CLANG_WARN_OBJC_ROOT_CLASS = YES_ERROR;
				CLANG_WARN_QUOTED_INCLUDE_IN_FRAMEWORK_HEADER = YES;
				CLANG_WARN_RANGE_LOOP_ANALYSIS = YES;
				CLANG_WARN_STRICT_PROTOTYPES = YES;
				CLANG_WARN_SUSPICIOUS_MOVE = YES;
				CLANG_WARN_UNGUARDED_AVAILABILITY = YES_AGGRESSIVE;
				CLANG_WARN_UNREACHABLE_CODE = YES;
				CLANG_WARN__DUPLICATE_METHOD_MATCH = YES;
				COPY_PHASE_STRIP = NO;
				DEBUG_INFORMATION_FORMAT = dwarf;
				ENABLE_STRICT_OBJC_MSGSEND = YES;
				ENABLE_TESTABILITY = YES;
				ENABLE_USER_SCRIPT_SANDBOXING = YES;
				GCC_C_LANGUAGE_STANDARD = gnu17;
				GCC_DYNAMIC_NO_PIC = NO;
				GCC_NO_COMMON_BLOCKS = YES;
				GCC_OPTIMIZATION_LEVEL = 0;
				GCC_PREPROCESSOR_DEFINITIONS = (
					"DEBUG=1",
					"$(inherited)",
				);
				GCC_WARN_64_TO_32_BIT_CONVERSION = YES;
				GCC_WARN_ABOUT_RETURN_TYPE = YES_ERROR;
				GCC_WARN_UNDECLARED_SELECTOR = YES;
				GCC_WARN_UNINITIALIZED_AUTOS = YES_AGGRESSIVE;
				GCC_WARN_UNUSED_FUNCTION = YES;
				GCC_WARN_UNUSED_VARIABLE = YES;
				IPHONEOS_DEPLOYMENT_TARGET = 17.0;
				LOCALIZATION_PREFERS_STRING_CATALOGS = YES;
				MTL_ENABLE_DEBUG_INFO = INCLUDE_SOURCE;
				MTL_FAST_MATH = YES;
				ONLY_ACTIVE_ARCH = YES;
				SDKROOT = iphoneos;
				SWIFT_ACTIVE_COMPILATION_CONDITIONS = "DEBUG $(inherited)";
				SWIFT_OPTIMIZATION_LEVEL = "-Onone";
			};
			name = Debug;
		};
		4B2621282B10E2D200321E99 /* Release */ = {
			isa = XCBuildConfiguration;
			buildSettings = {
				ALWAYS_SEARCH_USER_PATHS = NO;
				ASSETCATALOG_COMPILER_GENERATE_SWIFT_ASSET_SYMBOL_EXTENSIONS = YES;
				CLANG_ANALYZER_NONNULL = YES;
				CLANG_ANALYZER_NUMBER_OBJECT_CONVERSION = YES_AGGRESSIVE;
				CLANG_CXX_LANGUAGE_STANDARD = "gnu++20";
				CLANG_ENABLE_MODULES = YES;
				CLANG_ENABLE_OBJC_ARC = YES;
				CLANG_ENABLE_OBJC_WEAK = YES;
				CLANG_WARN_BLOCK_CAPTURE_AUTORELEASING = YES;
				CLANG_WARN_BOOL_CONVERSION = YES;
				CLANG_WARN_COMMA = YES;
				CLANG_WARN_CONSTANT_CONVERSION = YES;
				CLANG_WARN_DEPRECATED_OBJC_IMPLEMENTATIONS = YES;
				CLANG_WARN_DIRECT_OBJC_ISA_USAGE = YES_ERROR;
				CLANG_WARN_DOCUMENTATION_COMMENTS = YES;
				CLANG_WARN_EMPTY_BODY = YES;
				CLANG_WARN_ENUM_CONVERSION = YES;
				CLANG_WARN_INFINITE_RECURSION = YES;
				CLANG_WARN_INT_CONVERSION = YES;
				CLANG_WARN_NON_LITERAL_NULL_CONVERSION = YES;
				CLANG_WARN_OBJC_IMPLICIT_RETAIN_SELF = YES;
				CLANG_WARN_OBJC_LITERAL_CONVERSION = YES;
				CLANG_WARN_OBJC_ROOT_CLASS = YES_ERROR;
				CLANG_WARN_QUOTED_INCLUDE_IN_FRAMEWORK_HEADER = YES;
				CLANG_WARN_RANGE_LOOP_ANALYSIS = YES;
				CLANG_WARN_STRICT_PROTOTYPES = YES;
				CLANG_WARN_SUSPICIOUS_MOVE = YES;
				CLANG_WARN_UNGUARDED_AVAILABILITY = YES_AGGRESSIVE;
				CLANG_WARN_UNREACHABLE_CODE = YES;
				CLANG_WARN__DUPLICATE_METHOD_MATCH = YES;
				COPY_PHASE_STRIP = NO;
				DEBUG_INFORMATION_FORMAT = "dwarf-with-dsym";
				ENABLE_NS_ASSERTIONS = NO;
				ENABLE_STRICT_OBJC_MSGSEND = YES;
				ENABLE_USER_SCRIPT_SANDBOXING = YES;
				GCC_C_LANGUAGE_STANDARD = gnu17;
				GCC_NO_COMMON_BLOCKS = YES;
				GCC_WARN_64_TO_32_BIT_CONVERSION = YES;
				GCC_WARN_ABOUT_RETURN_TYPE = YES_ERROR;
				GCC_WARN_UNDECLARED_SELECTOR = YES;
				GCC_WARN_UNINITIALIZED_AUTOS = YES_AGGRESSIVE;
				GCC_WARN_UNUSED_FUNCTION = YES;
				GCC_WARN_UNUSED_VARIABLE = YES;
				IPHONEOS_DEPLOYMENT_TARGET = 17.0;
				LOCALIZATION_PREFERS_STRING_CATALOGS = YES;
				MTL_ENABLE_DEBUG_INFO = NO;
				MTL_FAST_MATH = YES;
				SDKROOT = iphoneos;
				SWIFT_COMPILATION_MODE = wholemodule;
				VALIDATE_PRODUCT = YES;
			};
			name = Release;
		};
		4B26212A2B10E2D200321E99 /* Debug */ = {
			isa = XCBuildConfiguration;
			buildSettings = {
				ASSETCATALOG_COMPILER_APPICON_NAME = AppIcon;
				ASSETCATALOG_COMPILER_GLOBAL_ACCENT_COLOR_NAME = AccentColor;
				CODE_SIGN_STYLE = Automatic;
				CURRENT_PROJECT_VERSION = 1;
				DEVELOPMENT_ASSET_PATHS = "\"Bored/Preview Content\"";
				DEVELOPMENT_TEAM = 5796ATYDP3;
				ENABLE_PREVIEWS = YES;
				GENERATE_INFOPLIST_FILE = YES;
				INFOPLIST_KEY_UIApplicationSceneManifest_Generation = YES;
				INFOPLIST_KEY_UIApplicationSupportsIndirectInputEvents = YES;
				INFOPLIST_KEY_UILaunchScreen_Generation = YES;
				INFOPLIST_KEY_UISupportedInterfaceOrientations_iPad = "UIInterfaceOrientationPortrait UIInterfaceOrientationPortraitUpsideDown UIInterfaceOrientationLandscapeLeft UIInterfaceOrientationLandscapeRight";
				INFOPLIST_KEY_UISupportedInterfaceOrientations_iPhone = "UIInterfaceOrientationPortrait UIInterfaceOrientationLandscapeLeft UIInterfaceOrientationLandscapeRight";
				LD_RUNPATH_SEARCH_PATHS = (
					"$(inherited)",
					"@executable_path/Frameworks",
				);
				MARKETING_VERSION = 1.0;
				PRODUCT_BUNDLE_IDENTIFIER = matteo.fauchon.Bored;
				PRODUCT_NAME = "$(TARGET_NAME)";
				SWIFT_EMIT_LOC_STRINGS = YES;
				SWIFT_VERSION = 5.0;
				TARGETED_DEVICE_FAMILY = "1,2";
			};
			name = Debug;
		};
		4B26212B2B10E2D200321E99 /* Release */ = {
			isa = XCBuildConfiguration;
			buildSettings = {
				ASSETCATALOG_COMPILER_APPICON_NAME = AppIcon;
				ASSETCATALOG_COMPILER_GLOBAL_ACCENT_COLOR_NAME = AccentColor;
				CODE_SIGN_STYLE = Automatic;
				CURRENT_PROJECT_VERSION = 1;
				DEVELOPMENT_ASSET_PATHS = "\"Bored/Preview Content\"";
				DEVELOPMENT_TEAM = 5796ATYDP3;
				ENABLE_PREVIEWS = YES;
				GENERATE_INFOPLIST_FILE = YES;
				INFOPLIST_KEY_UIApplicationSceneManifest_Generation = YES;
				INFOPLIST_KEY_UIApplicationSupportsIndirectInputEvents = YES;
				INFOPLIST_KEY_UILaunchScreen_Generation = YES;
				INFOPLIST_KEY_UISupportedInterfaceOrientations_iPad = "UIInterfaceOrientationPortrait UIInterfaceOrientationPortraitUpsideDown UIInterfaceOrientationLandscapeLeft UIInterfaceOrientationLandscapeRight";
				INFOPLIST_KEY_UISupportedInterfaceOrientations_iPhone = "UIInterfaceOrientationPortrait UIInterfaceOrientationLandscapeLeft UIInterfaceOrientationLandscapeRight";
				LD_RUNPATH_SEARCH_PATHS = (
					"$(inherited)",
					"@executable_path/Frameworks",
				);
				MARKETING_VERSION = 1.0;
				PRODUCT_BUNDLE_IDENTIFIER = matteo.fauchon.Bored;
				PRODUCT_NAME = "$(TARGET_NAME)";
				SWIFT_EMIT_LOC_STRINGS = YES;
				SWIFT_VERSION = 5.0;
				TARGETED_DEVICE_FAMILY = "1,2";
			};
			name = Release;
		};
/* End XCBuildConfiguration section */

/* Begin XCConfigurationList section */
		4B2621162B10E2D100321E99 /* Build configuration list for PBXProject "Bored" */ = {
			isa = XCConfigurationList;
			buildConfigurations = (
				4B2621272B10E2D200321E99 /* Debug */,
				4B2621282B10E2D200321E99 /* Release */,
			);
			defaultConfigurationIsVisible = 0;
			defaultConfigurationName = Release;
		};
		4B2621292B10E2D200321E99 /* Build configuration list for PBXNativeTarget "Bored" */ = {
			isa = XCConfigurationList;
			buildConfigurations = (
				4B26212A2B10E2D200321E99 /* Debug */,
				4B26212B2B10E2D200321E99 /* Release */,
			);
			defaultConfigurationIsVisible = 0;
			defaultConfigurationName = Release;
		};
/* End XCConfigurationList section */
	};
	rootObject = 4B2621132B10E2D100321E99 /* Project object */;
}
